{
  "lockfile-version": 1,
  "manifest": {
    "schema-version": "1.11.0",
    "install": {
      "nodejs": {
        "pkg-path": "nodejs"
      },
      "python313": {
        "pkg-path": "python313"
      },
      "uv": {
        "pkg-path": "uv"
      }
    },
    "hook": {},
    "profile": {},
    "options": {}
  },
  "packages": [
    {
      "attr_path": "nodejs",
      "broken": false,
      "derivation": "/nix/store/g2yfx00n1lp9i8ka7nbl11fawc0yfm7n-nodejs-24.14.0.drv",
      "description": "Event-driven I/O framework for the V8 JavaScript engine",
      "install_id": "nodejs",
      "license": "MIT",
      "locked_url": "https://github.com/flox/nixpkgs?rev=b12141ef619e0a9c1c84dc8c684040326f27cdcc",
      "name": "nodejs-24.14.0",
      "pname": "nodejs",
      "rev": "b12141ef619e0a9c1c84dc8c684040326f27cdcc",
      "rev_count": 982522,
      "rev_date": "2026-04-18T21:33:21Z",
      "scrape_date": "2026-04-21T06:03:43.875414Z",
      "stabilities": [
        "unstable"
      ],
      "unfree": false,
      "version": "24.14.0",
      "outputs_to_install": [
        "out",
        "out",
        "out",
        "out"
      ],
      "outputs": {
        "out": "/nix/store/d5hw52iialz64hvfzfp9qm1gr2fp43kx-nodejs-24.14.0"
      },
      "system": "aarch64-darwin",
      "group": "toplevel",
      "priority": 5
    },
    {
      "attr_path": "nodejs",
      "broken": false,
      "derivation": "/nix/store/jj8rw2gnisil7dw10xi2qdinad9jqp7s-nodejs-24.14.0.drv",
      "description": "Event-driven I/O framework for the V8 JavaScript engine",
      "install_id": "nodejs",
      "license": "MIT",
      "locked_url": "https://github.com/flox/nixpkgs?rev=b12141ef619e0a9c1c84dc8c684040326f27cdcc",
      "name": "nodejs-24.14.0",
      "pname": "nodejs",
      "rev": "b12141ef619e0a9c1c84dc8c684040326f27cdcc",
      "rev_count": 982522,
      "rev_date": "2026-04-18T21:33:21Z",
      "scrape_date": "2026-04-21T06:37:14.564911Z",
      "stabilities": [
        "unstable"
      ],
      "unfree": false,
      "version": "24.14.0",
      "outputs_to_install": [
        "out",
        "out",
        "out"
      ],
      "outputs": {
        "out": "/nix/store/vs8zaq8fvbbjqfg4bzn424kn55sj7s7y-nodejs-24.14.0"
      },
      "system": "aarch64-linux",
      "group": "toplevel",
      "priority": 5
    },
    {
      "attr_path": "nodejs",
      "broken": false,
      "derivation": "/nix/store/l9ksrfa960964gqf23yfr7a66a2n18c1-nodejs-24.14.0.drv",
      "description": "Event-driven I/O framework for the V8 JavaScript engine",
      "install_id": "nodejs",
      "license": "MIT",
      "locked_url": "https://github.com/flox/nixpkgs?rev=b12141ef619e0a9c1c84dc8c684040326f27cdcc",
      "name": "nodejs-24.14.0",
      "pname": "nodejs",
      "rev": "b12141ef619e0a9c1c84dc8c684040326f27cdcc",
      "rev_count": 982522,
      "rev_date": "2026-04-18T21:33:21Z",
      "scrape_date": "2026-04-21T07:08:36.418791Z",
      "stabilities": [
        "unstable"
      ],
      "unfree": false,
      "version": "24.14.0",
      "outputs_to_install": [
        "out",
        "out",
        "out"
      ],
      "outputs": {
        "out": "/nix/store/70ypbaj273w2kk0nrs4vijizyqgbg48v-nodejs-24.14.0"
      },
      "system": "x86_64-darwin",
      "group": "toplevel",
      "priority": 5
    },
    {
      "attr_path": "nodejs",
      "broken": false,
      "derivation": "/nix/store/15s1kk2n6vg180wg04wj2wgnl19f03v7-nodejs-24.14.0.drv",
      "description": "Event-driven I/O framework for the V8 JavaScript engine",
      "install_id": "nodejs",
      "license": "MIT",
      "locked_url": "https://github.com/flox/nixpkgs?rev=b12141ef619e0a9c1c84dc8c684040326f27cdcc",
      "name": "nodejs-24.14.0",
      "pname": "nodejs",
      "rev": "b12141ef619e0a9c1c84dc8c684040326f27cdcc",
      "rev_count": 982522,
      "rev_date": "2026-04-18T21:33:21Z",
      "scrape_date": "2026-04-21T07:45:21.146261Z",
      "stabilities": [
        "unstable"
      ],
      "unfree": false,
      "version": "24.14.0",
      "outputs_to_install": [
        "out",
        "out",
        "out"
      ],
      "outputs": {
        "out": "/nix/store/v2210ar51jddnrcx46m53ivv9palc26m-nodejs-24.14.0"
      },
      "system": "x86_64-linux",
      "group": "toplevel",
      "priority": 5
    },
    {
      "attr_path": "python313",
      "broken": false,
      "derivation": "/nix/store/krwwaljrhx0f8rykjbxzwhjqhn8iq64d-python3-3.13.12.drv",
      "description": "High-level dynamically-typed programming language",
      "install_id": "python313",
      "license": "Python-2.0",
      "locked_url": "https://github.com/flox/nixpkgs?rev=b12141ef619e0a9c1c84dc8c684040326f27cdcc",
      "name": "python3-3.13.12",
      "pname": "python313",
      "rev": "b12141ef619e0a9c1c84dc8c684040326f27cdcc",
      "rev_count": 982522,
      "rev_date": "2026-04-18T21:33:21Z",
      "scrape_date": "2026-04-21T06:03:59.656688Z",
      "stabilities": [
        "unstable"
      ],
      "unfree": false,
      "version": "python3-3.13.12",
      "outputs_to_install": [
        "out",
        "out"
      ],
      "outputs": {
        "out": "/nix/store/qabiwfbf61gaky68k0klvyjvd8zavmxb-python3-3.13.12"
      },
      "system": "aarch64-darwin",
      "group": "toplevel",
      "priority": 5
    },
    {
      "attr_path": "python313",
      "broken": false,
      "derivation": "/nix/store/nxvwxd34qjxfwm1cx3kpalrd6xcsydla-python3-3.13.12.drv",
      "description": "High-level dynamically-typed programming language",
      "install_id": "python313",
      "license": "Python-2.0",
      "locked_url": "https://github.com/flox/nixpkgs?rev=b12141ef619e0a9c1c84dc8c684040326f27cdcc",
      "name": "python3-3.13.12",
      "pname": "python313",
      "rev": "b12141ef619e0a9c1c84dc8c684040326f27cdcc",
      "rev_count": 982522,
      "rev_date": "2026-04-18T21:33:21Z",
      "scrape_date": "2026-04-21T06:37:36.393651Z",
      "stabilities": [
        "unstable"
      ],
      "unfree": false,
      "version": "python3-3.13.12",
      "outputs_to_install": [
        "out",
        "out",
        "out",
        "out"
      ],
      "outputs": {
        "debug": "/nix/store/q6kvsi3vgc4xvnp3yzibg03a22cw86r2-python3-3.13.12-debug",
        "out": "/nix/store/nnz5k19wbai97d7y2x11qaq6dgxzhq4w-python3-3.13.12"
      },
      "system": "aarch64-linux",
      "group": "toplevel",
      "priority": 5
    },
    {
      "attr_path": "python313",
      "broken": false,
      "derivation": "/nix/store/0bqzghzk3p5ss7wvxgfjw2k49wmiddkj-python3-3.13.12.drv",
      "description": "High-level dynamically-typed programming language",
      "install_id": "python313",
      "license": "Python-2.0",
      "locked_url": "https://github.com/flox/nixpkgs?rev=b12141ef619e0a9c1c84dc8c684040326f27cdcc",
      "name": "python3-3.13.12",
      "pname": "python313",
      "rev": "b12141ef619e0a9c1c84dc8c684040326f27cdcc",
      "rev_count": 982522,
      "rev_date": "2026-04-18T21:33:21Z",
      "scrape_date": "2026-04-21T07:08:52.544889Z",
      "stabilities": [
        "unstable"
      ],
      "unfree": false,
      "version": "python3-3.13.12",
      "outputs_to_install": [
        "out",
        "out"
      ],
      "outputs": {
        "out": "/nix/store/qcpx0pjlgkigibqijdy1wsy2kmc8shd2-python3-3.13.12"
      },
      "system": "x86_64-darwin",
      "group": "toplevel",
      "priority": 5
    },
    {
      "attr_path": "python313",
      "broken": false,
      "derivation": "/nix/store/makmgpqhagbsvfs49dywc7r7a0kv8any-python3-3.13.12.drv",
      "description": "High-level dynamically-typed programming language",
      "install_id": "python313",
      "license": "Python-2.0",
      "locked_url": "https://github.com/flox/nixpkgs?rev=b12141ef619e0a9c1c84dc8c684040326f27cdcc",
      "name": "python3-3.13.12",
      "pname": "python313",
      "rev": "b12141ef619e0a9c1c84dc8c684040326f27cdcc",
      "rev_count": 982522,
      "rev_date": "2026-04-18T21:33:21Z",
      "scrape_date": "2026-04-21T07:45:44.767610Z",
      "stabilities": [
        "unstable"
      ],
      "unfree": false,
      "version": "python3-3.13.12",
      "outputs_to_install": [
        "out",
        "out",
        "out",
        "out",
        "out",
        "out",
        "out"
      ],
      "outputs": {
        "debug": "/nix/store/nj0fy51wymai8wp1y7dbk08g6pvjw1a1-python3-3.13.12-debug",
        "out": "/nix/store/pzdalg368npikvpq4ncz2saxnz19v53k-python3-3.13.12"
      },
      "system": "x86_64-linux",
      "group": "toplevel",
      "priority": 5
    },
    {
      "attr_path": "uv",
      "broken": false,
      "derivation": "/nix/store/f3vpfb905azsacncqzlcsyav7pnl67jj-uv-0.11.7.drv",
      "description": "Extremely fast Python package installer and resolver, written in Rust",
      "install_id": "uv",
      "license": "[ Apache-2.0, MIT ]",
      "locked_url": "https://github.com/flox/nixpkgs?rev=b12141ef619e0a9c1c84dc8c684040326f27cdcc",
      "name": "uv-0.11.7",
      "pname": "uv",
      "rev": "b12141ef619e0a9c1c84dc8c684040326f27cdcc",
      "rev_count": 982522,
      "rev_date": "2026-04-18T21:33:21Z",
      "scrape_date": "2026-04-21T06:05:50.988050Z",
      "stabilities": [
        "unstable"
      ],
      "unfree": false,
      "version": "0.11.7",
      "outputs_to_install": [
        "out",
        "out"
      ],
      "outputs": {
        "out": "/nix/store/c5mvzqnf5y07ssv0bcb1a46n2zmz0njv-uv-0.11.7"
      },
      "system": "aarch64-darwin",
      "group": "toplevel",
      "priority": 5
    },
    {
      "attr_path": "uv",
      "broken": false,
      "derivation": "/nix/store/s8vqq4rbmq2scsz42a7120832q3ql9jn-uv-0.11.7.drv",
      "description": "Extremely fast Python package installer and resolver, written in Rust",
      "install_id": "uv",
      "license": "[ Apache-2.0, MIT ]",
      "locked_url": "https://github.com/flox/nixpkgs?rev=b12141ef619e0a9c1c84dc8c684040326f27cdcc",
      "name": "uv-0.11.7",
      "pname": "uv",
      "rev": "b12141ef619e0a9c1c84dc8c684040326f27cdcc",
      "rev_count": 982522,
      "rev_date": "2026-04-18T21:33:21Z",
      "scrape_date": "2026-04-21T06:39:58.632317Z",
      "stabilities": [
        "unstable"
      ],
      "unfree": false,
      "version": "0.11.7",
      "outputs_to_install": [
        "out",
        "out"
      ],
      "outputs": {
        "out": "/nix/store/xvndiwybg88dc8sdq11bdx9iydijpgf8-uv-0.11.7"
      },
      "system": "aarch64-linux",
      "group": "toplevel",
      "priority": 5
    },
    {
      "attr_path": "uv",
      "broken": false,
      "derivation": "/nix/store/djbp1w2ahcxqza3hvaw2xc658jzz5p4w-uv-0.11.7.drv",
      "description": "Extremely fast Python package installer and resolver, written in Rust",
      "install_id": "uv",
      "license": "[ Apache-2.0, MIT ]",
      "locked_url": "https://github.com/flox/nixpkgs?rev=b12141ef619e0a9c1c84dc8c684040326f27cdcc",
      "name": "uv-0.11.7",
      "pname": "uv",
      "rev": "b12141ef619e0a9c1c84dc8c684040326f27cdcc",
      "rev_count": 982522,
      "rev_date": "2026-04-18T21:33:21Z",
      "scrape_date": "2026-04-21T07:10:47.164429Z",
      "stabilities": [
        "unstable"
      ],
      "unfree": false,
      "version": "0.11.7",
      "outputs_to_install": [
        "out",
        "out"
      ],
      "outputs": {
        "out": "/nix/store/8wi51svzwpig2rahj39mzf44p4vq7583-uv-0.11.7"
      },
      "system": "x86_64-darwin",
      "group": "toplevel",
      "priority": 5
    },
    {
      "attr_path": "uv",
      "broken": false,
      "derivation": "/nix/store/xlxy8hrhnaabbmd1fmifh3bcizmazgfc-uv-0.11.7.drv",
      "description": "Extremely fast Python package installer and resolver, written in Rust",
      "install_id": "uv",
      "license": "[ Apache-2.0, MIT ]",
      "locked_url": "https://github.com/flox/nixpkgs?rev=b12141ef619e0a9c1c84dc8c684040326f27cdcc",
      "name": "uv-0.11.7",
      "pname": "uv",
      "rev": "b12141ef619e0a9c1c84dc8c684040326f27cdcc",
      "rev_count": 982522,
      "rev_date": "2026-04-18T21:33:21Z",
      "scrape_date": "2026-04-21T07:48:16.118750Z",
      "stabilities": [
        "unstable"
      ],
      "unfree": false,
      "version": "0.11.7",
      "outputs_to_install": [
        "out",
        "out"
      ],
      "outputs": {
        "out": "/nix/store/yypfs003asjgvwln7ph82x1hh5qgi9xl-uv-0.11.7"
      },
      "system": "x86_64-linux",
      "group": "toplevel",
      "priority": 5
    }
  ]
}
